
Microsoft Visual Studio Solution File, Format Version 12.00
# Visual Studio Version 17
VisualStudioVersion = 17.5.33414.496
MinimumVisualStudioVersion = 10.0.40219.1
Project("{FAE04EC0-301F-11D3-BF4B-00C04F79EFBC}") = "Confiscate", "Confiscate\Confiscate.csproj", "{877DBCEF-5823-4D47-938E-31F292AF0BCB}"
EndProject
Global
	GlobalSection(SolutionConfigurationPlatforms) = preSolution
		Debug|Any CPU = Debug|Any CPU
		Release|Any CPU = Release|Any CPU
	EndGlobalSection
	GlobalSection(ProjectConfigurationPlatforms) = postSolution
		{877DBCEF-5823-4D47-938E-31F292AF0BCB}.Debug|Any CPU.ActiveCfg = Debug|Any CPU
		{877DBCEF-5823-4D47-938E-31F292AF0BCB}.Debug|Any CPU.Build.0 = Debug|Any CPU
		{877DBCEF-5823-4D47-938E-31F292AF0BCB}.Release|Any CPU.ActiveCfg = Release|Any CPU
		{877DBCEF-5823-4D47-938E-31F292AF0BCB}.Release|Any CPU.Build.0 = Release|Any CPU
	EndGlobalSection
	GlobalSection(SolutionProperties) = preSolution
		HideSolutionNode = FALSE
	EndGlobalSection
	GlobalSection(ExtensibilityGlobals) = postSolution
		SolutionGuid = {2249E9EE-5E2E-4517-94A7-6DEA41D25A85}
	EndGlobalSection
EndGlobal
